
Microsoft Visual Studio Solution File, Format Version 12.00
# Visual Studio Version 17
VisualStudioVersion = 17.4.33110.190
MinimumVisualStudioVersion = 10.0.40219.1
Project("{FAE04EC0-301F-11D3-BF4B-00C04F79EFBC}") = "PolGonzalo_Examen_M6_UF2", "PolGonzalo_Examen_M6_UF2\PolGonzalo_Examen_M6_UF2.csproj", "{C6984091-F865-4E1D-8134-D52553552C1B}"
EndProject
Global
	GlobalSection(SolutionConfigurationPlatforms) = preSolution
		Debug|Any CPU = Debug|Any CPU
		Release|Any CPU = Release|Any CPU
	EndGlobalSection
	GlobalSection(ProjectConfigurationPlatforms) = postSolution
		{C6984091-F865-4E1D-8134-D52553552C1B}.Debug|Any CPU.ActiveCfg = Debug|Any CPU
		{C6984091-F865-4E1D-8134-D52553552C1B}.Debug|Any CPU.Build.0 = Debug|Any CPU
		{C6984091-F865-4E1D-8134-D52553552C1B}.Release|Any CPU.ActiveCfg = Release|Any CPU
		{C6984091-F865-4E1D-8134-D52553552C1B}.Release|Any CPU.Build.0 = Release|Any CPU
	EndGlobalSection
	GlobalSection(SolutionProperties) = preSolution
		HideSolutionNode = FALSE
	EndGlobalSection
	GlobalSection(ExtensibilityGlobals) = postSolution
		SolutionGuid = {3ED6DEED-3BDB-4D34-B9F0-17C8DAFEA729}
	EndGlobalSection
EndGlobal
