
Microsoft Visual Studio Solution File, Format Version 12.00
# Visual Studio Version 17
VisualStudioVersion = 17.4.33110.190
MinimumVisualStudioVersion = 10.0.40219.1
Project("{FAE04EC0-301F-11D3-BF4B-00C04F79EFBC}") = "M6EntityFrameworkPolGonzaloTreball", "M6EntityFrameworkPolGonzaloTreball\M6EntityFrameworkPolGonzaloTreball.csproj", "{0CCAAC94-8D2C-4B9A-93B8-7ABA3A76D8BD}"
EndProject
Global
	GlobalSection(SolutionConfigurationPlatforms) = preSolution
		Debug|Any CPU = Debug|Any CPU
		Release|Any CPU = Release|Any CPU
	EndGlobalSection
	GlobalSection(ProjectConfigurationPlatforms) = postSolution
		{0CCAAC94-8D2C-4B9A-93B8-7ABA3A76D8BD}.Debug|Any CPU.ActiveCfg = Debug|Any CPU
		{0CCAAC94-8D2C-4B9A-93B8-7ABA3A76D8BD}.Debug|Any CPU.Build.0 = Debug|Any CPU
		{0CCAAC94-8D2C-4B9A-93B8-7ABA3A76D8BD}.Release|Any CPU.ActiveCfg = Release|Any CPU
		{0CCAAC94-8D2C-4B9A-93B8-7ABA3A76D8BD}.Release|Any CPU.Build.0 = Release|Any CPU
	EndGlobalSection
	GlobalSection(SolutionProperties) = preSolution
		HideSolutionNode = FALSE
	EndGlobalSection
	GlobalSection(ExtensibilityGlobals) = postSolution
		SolutionGuid = {E0B2A0BC-ADEA-4F93-83DB-78C5D8970DFB}
	EndGlobalSection
EndGlobal
